
Microsoft Visual Studio Solution File, Format Version 12.00
# Visual Studio Version 17
VisualStudioVersion = 17.1.32414.318
MinimumVisualStudioVersion = 10.0.40219.1
Project("{FAE04EC0-301F-11D3-BF4B-00C04F79EFBC}") = "Clase7ejercicio", "Clase7ejercicio\Clase7ejercicio.csproj", "{DFC0D40D-64B7-44C2-9C11-49427A527002}"
EndProject
Global
	GlobalSection(SolutionConfigurationPlatforms) = preSolution
		Debug|Any CPU = Debug|Any CPU
		Release|Any CPU = Release|Any CPU
	EndGlobalSection
	GlobalSection(ProjectConfigurationPlatforms) = postSolution
		{DFC0D40D-64B7-44C2-9C11-49427A527002}.Debug|Any CPU.ActiveCfg = Debug|Any CPU
		{DFC0D40D-64B7-44C2-9C11-49427A527002}.Debug|Any CPU.Build.0 = Debug|Any CPU
		{DFC0D40D-64B7-44C2-9C11-49427A527002}.Release|Any CPU.ActiveCfg = Release|Any CPU
		{DFC0D40D-64B7-44C2-9C11-49427A527002}.Release|Any CPU.Build.0 = Release|Any CPU
	EndGlobalSection
	GlobalSection(SolutionProperties) = preSolution
		HideSolutionNode = FALSE
	EndGlobalSection
	GlobalSection(ExtensibilityGlobals) = postSolution
		SolutionGuid = {D53B1FB3-6B4C-4398-97DC-98388B9C7FD9}
	EndGlobalSection
EndGlobal
