
Microsoft Visual Studio Solution File, Format Version 12.00
# Visual Studio Version 17
VisualStudioVersion = 17.1.32414.318
MinimumVisualStudioVersion = 10.0.40219.1
Project("{FAE04EC0-301F-11D3-BF4B-00C04F79EFBC}") = "clase16ejercicio", "clase16ejercicio\clase16ejercicio.csproj", "{B95DDB10-80F9-451F-8224-0A6755724691}"
EndProject
Global
	GlobalSection(SolutionConfigurationPlatforms) = preSolution
		Debug|Any CPU = Debug|Any CPU
		Release|Any CPU = Release|Any CPU
	EndGlobalSection
	GlobalSection(ProjectConfigurationPlatforms) = postSolution
		{B95DDB10-80F9-451F-8224-0A6755724691}.Debug|Any CPU.ActiveCfg = Debug|Any CPU
		{B95DDB10-80F9-451F-8224-0A6755724691}.Debug|Any CPU.Build.0 = Debug|Any CPU
		{B95DDB10-80F9-451F-8224-0A6755724691}.Release|Any CPU.ActiveCfg = Release|Any CPU
		{B95DDB10-80F9-451F-8224-0A6755724691}.Release|Any CPU.Build.0 = Release|Any CPU
	EndGlobalSection
	GlobalSection(SolutionProperties) = preSolution
		HideSolutionNode = FALSE
	EndGlobalSection
	GlobalSection(ExtensibilityGlobals) = postSolution
		SolutionGuid = {51403A06-FE57-4D88-B772-7DE9E6DE6487}
	EndGlobalSection
EndGlobal
